
Microsoft Visual Studio Solution File, Format Version 12.00
Project("{FAE04EC0-301F-11D3-BF4B-00C04F79EFBC}") = "Core", "Core\Core.csproj", "{B46BE778-682A-41DD-9240-05C6E6B2FF51}"
EndProject
Project("{FAE04EC0-301F-11D3-BF4B-00C04F79EFBC}") = "ConsoleGol", "ConsoleGol\ConsoleGol.csproj", "{B599C837-9E33-4AF7-A30C-4395D7F7FC04}"
EndProject
Global
	GlobalSection(SolutionConfigurationPlatforms) = preSolution
		Debug|Any CPU = Debug|Any CPU
		Release|Any CPU = Release|Any CPU
	EndGlobalSection
	GlobalSection(ProjectConfigurationPlatforms) = postSolution
		{B46BE778-682A-41DD-9240-05C6E6B2FF51}.Debug|Any CPU.ActiveCfg = Debug|Any CPU
		{B46BE778-682A-41DD-9240-05C6E6B2FF51}.Debug|Any CPU.Build.0 = Debug|Any CPU
		{B46BE778-682A-41DD-9240-05C6E6B2FF51}.Release|Any CPU.ActiveCfg = Release|Any CPU
		{B46BE778-682A-41DD-9240-05C6E6B2FF51}.Release|Any CPU.Build.0 = Release|Any CPU
		{B599C837-9E33-4AF7-A30C-4395D7F7FC04}.Debug|Any CPU.ActiveCfg = Debug|Any CPU
		{B599C837-9E33-4AF7-A30C-4395D7F7FC04}.Debug|Any CPU.Build.0 = Debug|Any CPU
		{B599C837-9E33-4AF7-A30C-4395D7F7FC04}.Release|Any CPU.ActiveCfg = Release|Any CPU
		{B599C837-9E33-4AF7-A30C-4395D7F7FC04}.Release|Any CPU.Build.0 = Release|Any CPU
	EndGlobalSection
EndGlobal
